{
  "requires": true,
  "lockfileVersion": 1,
  "dependencies": {
    "@sweetalert2/ngx-sweetalert2": {
      "version": "9.0.0",
      "resolved": "https://registry.npmjs.org/@sweetalert2/ngx-sweetalert2/-/ngx-sweetalert2-9.0.0.tgz",
      "integrity": "sha512-J1e5ksyTuP0qnhOjFiFCuO6rfHueTFKF54Qq5KR1ZEw+pPURC4CJtUZnsSe4osU9WCdOrvGfEfMkz6c3ceRZbA==",
      "requires": {
        "tslib": "^2.0.0"
      }
    },
    "leaflet": {
      "version": "1.7.1",
      "resolved": "https://registry.npmjs.org/leaflet/-/leaflet-1.7.1.tgz",
      "integrity": "sha512-/xwPEBidtg69Q3HlqPdU3DnrXQOvQU/CCHA1tcDQVzOwm91YMYaILjNp7L4Eaw5Z4sOYdbBz6koWyibppd8Zqw=="
    },
    "sweetalert2": {
      "version": "10.15.7",
      "resolved": "https://registry.npmjs.org/sweetalert2/-/sweetalert2-10.15.7.tgz",
      "integrity": "sha512-imY0MR03NGefPcGzSYjWYz1GMIlniusEBXilswvKrHD/GMiTxA5jnsdjtK2IoRyXfEaqV7GWt6DM4YVjAZU8gw=="
    },
    "tslib": {
      "version": "2.1.0",
      "resolved": "https://registry.npmjs.org/tslib/-/tslib-2.1.0.tgz",
      "integrity": "sha512-hcVC3wYEziELGGmEEXue7D75zbwIIVUMWAVbHItGPx0ziyXxrOMQx4rQEVEV45Ut/1IotuEvwqPopzIOkDMf0A=="
    }
  }
}
